
Microsoft Visual Studio Solution File, Format Version 12.00
# Visual Studio Version 17
VisualStudioVersion = 17.7.34009.444
MinimumVisualStudioVersion = 10.0.40219.1
Project("{FAE04EC0-301F-11D3-BF4B-00C04F79EFBC}") = "MagazTurizmaPoletaev", "MagazTurizmaPoletaev\MagazTurizmaPoletaev.csproj", "{44A33349-CD69-4CA0-BB0F-8DA596C11E3D}"
EndProject
Global
	GlobalSection(SolutionConfigurationPlatforms) = preSolution
		Debug|Any CPU = Debug|Any CPU
		Release|Any CPU = Release|Any CPU
	EndGlobalSection
	GlobalSection(ProjectConfigurationPlatforms) = postSolution
		{44A33349-CD69-4CA0-BB0F-8DA596C11E3D}.Debug|Any CPU.ActiveCfg = Debug|Any CPU
		{44A33349-CD69-4CA0-BB0F-8DA596C11E3D}.Debug|Any CPU.Build.0 = Debug|Any CPU
		{44A33349-CD69-4CA0-BB0F-8DA596C11E3D}.Release|Any CPU.ActiveCfg = Release|Any CPU
		{44A33349-CD69-4CA0-BB0F-8DA596C11E3D}.Release|Any CPU.Build.0 = Release|Any CPU
	EndGlobalSection
	GlobalSection(SolutionProperties) = preSolution
		HideSolutionNode = FALSE
	EndGlobalSection
	GlobalSection(ExtensibilityGlobals) = postSolution
		SolutionGuid = {5D3ED585-C537-42A2-96D8-1C7A2FD09CC6}
	EndGlobalSection
EndGlobal
